
Microsoft Visual Studio Solution File, Format Version 12.00
# Visual Studio Version 17
VisualStudioVersion = 17.0.31912.275
MinimumVisualStudioVersion = 10.0.40219.1
Project("{FAE04EC0-301F-11D3-BF4B-00C04F79EFBC}") = "WindowsFormsApp11", "WindowsFormsApp11\WindowsFormsApp11.csproj", "{2DE17A25-E1F9-4F0E-95F0-F66D6775DAF0}"
EndProject
Global
	GlobalSection(SolutionConfigurationPlatforms) = preSolution
		Debug|Any CPU = Debug|Any CPU
		Release|Any CPU = Release|Any CPU
	EndGlobalSection
	GlobalSection(ProjectConfigurationPlatforms) = postSolution
		{2DE17A25-E1F9-4F0E-95F0-F66D6775DAF0}.Debug|Any CPU.ActiveCfg = Debug|Any CPU
		{2DE17A25-E1F9-4F0E-95F0-F66D6775DAF0}.Debug|Any CPU.Build.0 = Debug|Any CPU
		{2DE17A25-E1F9-4F0E-95F0-F66D6775DAF0}.Release|Any CPU.ActiveCfg = Release|Any CPU
		{2DE17A25-E1F9-4F0E-95F0-F66D6775DAF0}.Release|Any CPU.Build.0 = Release|Any CPU
	EndGlobalSection
	GlobalSection(SolutionProperties) = preSolution
		HideSolutionNode = FALSE
	EndGlobalSection
	GlobalSection(ExtensibilityGlobals) = postSolution
		SolutionGuid = {F0E93BE2-5263-4309-A190-3FF919395BBE}
	EndGlobalSection
EndGlobal
